<Solution>
  <Project Path="Nexus.Core/Nexus.Core.csproj" />
  <Project Path="Nexus.Protocol.Tests/Nexus.Protocol.Tests.csproj" />
  <Project Path="Nexus.Protocol/Nexus.Protocol.csproj" />
  <Project Path="Nexus.Networking/Nexus.Networking.csproj" />
  <Project Path="Nexus.Networking.Tests/Nexus.Networking.Tests.csproj" />
  <Project Path="Nexus.State/Nexus.State.csproj" />
  <Project Path="Nexus.Data/Nexus.Data.csproj" />
  <Project Path="Nexus.UI/Nexus.UI.csproj" />
  <Project Path="Nexus.Services/Nexus.Services.csproj" />
  <Project Path="Nexus.Automation/Nexus.Automation.csproj" />
</Solution>
